# C1-001 hash-locked external Python dependencies for WebGuard CI and the
# supported macOS ARM64 developer path. Local WebGuard packages are installed
# separately with --no-deps and --no-build-isolation.
#
# The multiple hashes on platform-specific packages cover the current
# GitHub-hosted Linux x86_64 Python 3.11/3.12/3.13/3.14 matrix and macOS ARM64
# Python 3.14 development environment.

setuptools==83.0.0 \
    --hash=sha256:29b23c360f22f414dc7336bb39178cc7bcbf6021ed2733cde173f09dba19abb3

cryptography==50.0.0 \
    --hash=sha256:82148ec5bddac30b51a5b3c1945075f896fa022cb93f8e4a01e9f6ee95292c5f \
    --hash=sha256:031e2d5dd4bb9caa3ca9c82e5a197fd8ae680232cee62603d1a813f3f07e3d03

cffi==2.1.0 \
    --hash=sha256:aa7a1b53a2a4452ada2d1b5dade9960b2522f1e61293a811a077439e39029565 \
    --hash=sha256:1e9f50d192a3e525b15a75ab5114e442d83d657b7ec29182a991bc9a88fd3a66 \
    --hash=sha256:799416bae98336e400981ff6e532d67d5c709cfb30afb79865a1315f94b0e224 \
    --hash=sha256:d53d10f7da99ae46f7373b9150393e9c5eab9b224909982b43832668de4779f5 \
    --hash=sha256:c4165821e131d6d4ca444347c2b694e2311bcfa3fe5a861cc72968f28867beac

pycparser==3.0 \
    --hash=sha256:b727414169a36b7d524c1c3e31839a521725078d7b2ff038656844266160a992

# C1-002 (Slice 12) -- PostgreSQL driver for the production persistence
# layer. psycopg's core wheel is pure Python (one hash); psycopg-binary
# bundles a compiled libpq per platform/interpreter, covering the same
# reviewed Linux x86_64 Python 3.11/3.12/3.13/3.14 matrix and macOS
# ARM64 Python 3.14 developer path as every other pin in this file.
psycopg==3.2.10 \
    --hash=sha256:ab5caf09a9ec42e314a21f5216dbcceac528e0e05142e42eea83a3b28b320ac3

psycopg-binary==3.2.10 \
    --hash=sha256:1b29285474e3339d0840e1b5079fdb0481914108f92ec62de0c87ae333c60b24 \
    --hash=sha256:14bcbcac0cab465d88b2581e43ec01af4b01c9833e663f1352e05cb41be19e44 \
    --hash=sha256:a92ff1c2cd79b3966d6a87e26ceb222ecd5581b5ae4b58961f126af806a861ed \
    --hash=sha256:0c2b95e83fda70ed2b0b4fadd8538572e4a4d987b721823981862d1ab56cc760 \
    --hash=sha256:810f65b9ef1fe9dddb5c05937884ea9563aaf4e1a2c3d138205231ed5f439511

psycopg-pool==3.2.6 \
    --hash=sha256:5887318a9f6af906d041a0b1dc1c60f8f0dda8340c2572b74e10907b51ed5da7

typing-extensions==4.15.0 \
    --hash=sha256:f0fa19c6845758ab08074a0cfa8b7aecb71c999ca73d62883bc25cc018c4e548

# C1-003 (Slice 16) -- Argon2id password hashing for native browser-user
# credentials. argon2-cffi's own wheel is pure Python (one hash);
# argon2-cffi-bindings is a stable-ABI (abi3) compiled wheel, so the same
# two platform wheels (Linux x86_64, macOS ARM64) cover the entire
# reviewed Python 3.11/3.12/3.13/3.14 matrix without a per-version build.
argon2-cffi==25.1.0 \
    --hash=sha256:fdc8b074db390fccb6eb4a3604ae7231f219aa669a2652e0f20e16ba513d5741

argon2-cffi-bindings==26.1.0 \
    --hash=sha256:27f1821903e2ceadcb88ec2b45ef190897b7682449c772f4d9b53e42c520cf29 \
    --hash=sha256:21ca0396fe5ec995dd54431c32698189666f9224810acfa752e50d2bd94d9df2
