# C1-001 hash-locked external Python dependencies for WebGuard CI and the
# supported macOS ARM64 developer path. Local WebGuard packages are installed
# separately with --no-deps and --no-build-isolation.
#
# The multiple hashes on platform-specific packages cover the current
# GitHub-hosted Linux x86_64 Python 3.11/3.12/3.13/3.14 matrix and macOS ARM64
# Python 3.14 development environment.

setuptools==83.0.0 \
    --hash=sha256:29b23c360f22f414dc7336bb39178cc7bcbf6021ed2733cde173f09dba19abb3

cryptography==50.0.0 \
    --hash=sha256:82148ec5bddac30b51a5b3c1945075f896fa022cb93f8e4a01e9f6ee95292c5f \
    --hash=sha256:031e2d5dd4bb9caa3ca9c82e5a197fd8ae680232cee62603d1a813f3f07e3d03

cffi==2.1.0 \
    --hash=sha256:aa7a1b53a2a4452ada2d1b5dade9960b2522f1e61293a811a077439e39029565 \
    --hash=sha256:1e9f50d192a3e525b15a75ab5114e442d83d657b7ec29182a991bc9a88fd3a66 \
    --hash=sha256:799416bae98336e400981ff6e532d67d5c709cfb30afb79865a1315f94b0e224 \
    --hash=sha256:d53d10f7da99ae46f7373b9150393e9c5eab9b224909982b43832668de4779f5 \
    --hash=sha256:c4165821e131d6d4ca444347c2b694e2311bcfa3fe5a861cc72968f28867beac

pycparser==3.0 \
    --hash=sha256:b727414169a36b7d524c1c3e31839a521725078d7b2ff038656844266160a992
